// !$*UTF8*$!
{
	archiveVersion = 1;
	classes = {
	};
	objectVersion = 50;
	objects = {

/* Begin PBXBuildFile section */
		09122BB723BCF55500647464 /* main.swift in Sources */ = {isa = PBXBuildFile; fileRef = 09122BB623BCF55500647464 /* main.swift */; };
		09122BBE23BCF58B00647464 /* BTTL2.swift in Sources */ = {isa = PBXBuildFile; fileRef = 09122BBD23BCF58B00647464 /* BTTL2.swift */; };
		09122BC023BCF5AD00647464 /* BTTL3.swift in Sources */ = {isa = PBXBuildFile; fileRef = 09122BBF23BCF5AD00647464 /* BTTL3.swift */; };
		09122BC223BCF5D600647464 /* BTVN1.swift in Sources */ = {isa = PBXBuildFile; fileRef = 09122BC123BCF5D600647464 /* BTVN1.swift */; };
		09122BC423BCF5F000647464 /* BTVN4.swift in Sources */ = {isa = PBXBuildFile; fileRef = 09122BC323BCF5F000647464 /* BTVN4.swift */; };
		09122BC623BCF60F00647464 /* BTVN6.swift in Sources */ = {isa = PBXBuildFile; fileRef = 09122BC523BCF60F00647464 /* BTVN6.swift */; };
/* End PBXBuildFile section */

/* Begin PBXCopyFilesBuildPhase section */
		09122BB123BCF55500647464 /* CopyFiles */ = {
			isa = PBXCopyFilesBuildPhase;
			buildActionMask = 2147483647;
			dstPath = /usr/share/man/man1/;
			dstSubfolderSpec = 0;
			files = (
			);
			runOnlyForDeploymentPostprocessing = 1;
		};
/* End PBXCopyFilesBuildPhase section */

/* Begin PBXFileReference section */
		09122BB323BCF55500647464 /* buoi2.swift */ = {isa = PBXFileReference; explicitFileType = "compiled.mach-o.executable"; includeInIndex = 0; path = buoi2.swift; sourceTree = BUILT_PRODUCTS_DIR; };
		09122BB623BCF55500647464 /* main.swift */ = {isa = PBXFileReference; lastKnownFileType = sourcecode.swift; path = main.swift; sourceTree = "<group>"; };
		09122BBD23BCF58B00647464 /* BTTL2.swift */ = {isa = PBXFileReference; lastKnownFileType = sourcecode.swift; path = BTTL2.swift; sourceTree = "<group>"; };
		09122BBF23BCF5AD00647464 /* BTTL3.swift */ = {isa = PBXFileReference; lastKnownFileType = sourcecode.swift; path = BTTL3.swift; sourceTree = "<group>"; };
		09122BC123BCF5D600647464 /* BTVN1.swift */ = {isa = PBXFileReference; lastKnownFileType = sourcecode.swift; path = BTVN1.swift; sourceTree = "<group>"; };
		09122BC323BCF5F000647464 /* BTVN4.swift */ = {isa = PBXFileReference; lastKnownFileType = sourcecode.swift; path = BTVN4.swift; sourceTree = "<group>"; };
		09122BC523BCF60F00647464 /* BTVN6.swift */ = {isa = PBXFileReference; lastKnownFileType = sourcecode.swift; path = BTVN6.swift; sourceTree = "<group>"; };
/* End PBXFileReference section */

/* Begin PBXFrameworksBuildPhase section */
		09122BB023BCF55500647464 /* Frameworks */ = {
			isa = PBXFrameworksBuildPhase;
			buildActionMask = 2147483647;
			files = (
			);
			runOnlyForDeploymentPostprocessing = 0;
		};
/* End PBXFrameworksBuildPhase section */

/* Begin PBXGroup section */
		09122BAA23BCF55400647464 = {
			isa = PBXGroup;
			children = (
				09122BB523BCF55500647464 /* buoi2.swift */,
				09122BB423BCF55500647464 /* Products */,
			);
			sourceTree = "<group>";
		};
		09122BB423BCF55500647464 /* Products */ = {
			isa = PBXGroup;
			children = (
				09122BB323BCF55500647464 /* buoi2.swift */,
			);
			name = Products;
			sourceTree = "<group>";
		};
		09122BB523BCF55500647464 /* buoi2.swift */ = {
			isa = PBXGroup;
			children = (
				09122BB623BCF55500647464 /* main.swift */,
				09122BBD23BCF58B00647464 /* BTTL2.swift */,
				09122BBF23BCF5AD00647464 /* BTTL3.swift */,
				09122BC123BCF5D600647464 /* BTVN1.swift */,
				09122BC323BCF5F000647464 /* BTVN4.swift */,
				09122BC523BCF60F00647464 /* BTVN6.swift */,
			);
			path = buoi2.swift;
			sourceTree = "<group>";
		};
/* End PBXGroup section */

/* Begin PBXNativeTarget section */
		09122BB223BCF55500647464 /* buoi2.swift */ = {
			isa = PBXNativeTarget;
			buildConfigurationList = 09122BBA23BCF55500647464 /* Build configuration list for PBXNativeTarget "buoi2.swift" */;
			buildPhases = (
				09122BAF23BCF55500647464 /* Sources */,
				09122BB023BCF55500647464 /* Frameworks */,
				09122BB123BCF55500647464 /* CopyFiles */,
			);
			buildRules = (
			);
			dependencies = (
			);
			name = buoi2.swift;
			productName = buoi2.swift;
			productReference = 09122BB323BCF55500647464 /* buoi2.swift */;
			productType = "com.apple.product-type.tool";
		};
/* End PBXNativeTarget section */

/* Begin PBXProject section */
		09122BAB23BCF55400647464 /* Project object */ = {
			isa = PBXProject;
			attributes = {
				LastSwiftUpdateCheck = 1130;
				LastUpgradeCheck = 1130;
				ORGANIZATIONNAME = guntex01;
				TargetAttributes = {
					09122BB223BCF55500647464 = {
						CreatedOnToolsVersion = 11.3;
					};
				};
			};
			buildConfigurationList = 09122BAE23BCF55400647464 /* Build configuration list for PBXProject "buoi2.swift" */;
			compatibilityVersion = "Xcode 9.3";
			developmentRegion = en;
			hasScannedForEncodings = 0;
			knownRegions = (
				en,
				Base,
			);
			mainGroup = 09122BAA23BCF55400647464;
			productRefGroup = 09122BB423BCF55500647464 /* Products */;
			projectDirPath = "";
			projectRoot = "";
			targets = (
				09122BB223BCF55500647464 /* buoi2.swift */,
			);
		};
/* End PBXProject section */

/* Begin PBXSourcesBuildPhase section */
		09122BAF23BCF55500647464 /* Sources */ = {
			isa = PBXSourcesBuildPhase;
			buildActionMask = 2147483647;
			files = (
				09122BBE23BCF58B00647464 /* BTTL2.swift in Sources */,
				09122BC223BCF5D600647464 /* BTVN1.swift in Sources */,
				09122BC023BCF5AD00647464 /* BTTL3.swift in Sources */,
				09122BC423BCF5F000647464 /* BTVN4.swift in Sources */,
				09122BC623BCF60F00647464 /* BTVN6.swift in Sources */,
				09122BB723BCF55500647464 /* main.swift in Sources */,
			);
			runOnlyForDeploymentPostprocessing = 0;
		};
/* End PBXSourcesBuildPhase section */

/* Begin XCBuildConfiguration section */
		09122BB823BCF55500647464 /* Debug */ = {
			isa = XCBuildConfiguration;
			buildSettings = {
				ALWAYS_SEARCH_USER_PATHS = NO;
				CLANG_ANALYZER_NONNULL = YES;
				CLANG_ANALYZER_NUMBER_OBJECT_CONVERSION = YES_AGGRESSIVE;
				CLANG_CXX_LANGUAGE_STANDARD = "gnu++14";
				CLANG_CXX_LIBRARY = "libc++";
				CLANG_ENABLE_MODULES = YES;
				CLANG_ENABLE_OBJC_ARC = YES;
				CLANG_ENABLE_OBJC_WEAK = YES;
				CLANG_WARN_BLOCK_CAPTURE_AUTORELEASING = YES;
				CLANG_WARN_BOOL_CONVERSION = YES;
				CLANG_WARN_COMMA = YES;
				CLANG_WARN_CONSTANT_CONVERSION = YES;
				CLANG_WARN_DEPRECATED_OBJC_IMPLEMENTATIONS = YES;
				CLANG_WARN_DIRECT_OBJC_ISA_USAGE = YES_ERROR;
				CLANG_WARN_DOCUMENTATION_COMMENTS = YES;
				CLANG_WARN_EMPTY_BODY = YES;
				CLANG_WARN_ENUM_CONVERSION = YES;
				CLANG_WARN_INFINITE_RECURSION = YES;
				CLANG_WARN_INT_CONVERSION = YES;
				CLANG_WARN_NON_LITERAL_NULL_CONVERSION = YES;
				CLANG_WARN_OBJC_IMPLICIT_RETAIN_SELF = YES;
				CLANG_WARN_OBJC_LITERAL_CONVERSION = YES;
				CLANG_WARN_OBJC_ROOT_CLASS = YES_ERROR;
				CLANG_WARN_RANGE_LOOP_ANALYSIS = YES;
				CLANG_WARN_STRICT_PROTOTYPES = YES;
				CLANG_WARN_SUSPICIOUS_MOVE = YES;
				CLANG_WARN_UNGUARDED_AVAILABILITY = YES_AGGRESSIVE;
				CLANG_WARN_UNREACHABLE_CODE = YES;
				CLANG_WARN__DUPLICATE_METHOD_MATCH = YES;
				COPY_PHASE_STRIP = NO;
				DEBUG_INFORMATION_FORMAT = dwarf;
				ENABLE_STRICT_OBJC_MSGSEND = YES;
				ENABLE_TESTABILITY = YES;
				GCC_C_LANGUAGE_STANDARD = gnu11;
				GCC_DYNAMIC_NO_PIC = NO;
				GCC_NO_COMMON_BLOCKS = YES;
				GCC_OPTIMIZATION_LEVEL = 0;
				GCC_PREPROCESSOR_DEFINITIONS = (
					"DEBUG=1",
					"$(inherited)",
				);
				GCC_WARN_64_TO_32_BIT_CONVERSION = YES;
				GCC_WARN_ABOUT_RETURN_TYPE = YES_ERROR;
				GCC_WARN_UNDECLARED_SELECTOR = YES;
				GCC_WARN_UNINITIALIZED_AUTOS = YES_AGGRESSIVE;
				GCC_WARN_UNUSED_FUNCTION = YES;
				GCC_WARN_UNUSED_VARIABLE = YES;
				MACOSX_DEPLOYMENT_TARGET = 10.14;
				MTL_ENABLE_DEBUG_INFO = INCLUDE_SOURCE;
				MTL_FAST_MATH = YES;
				ONLY_ACTIVE_ARCH = YES;
				SDKROOT = macosx;
				SWIFT_ACTIVE_COMPILATION_CONDITIONS = DEBUG;
				SWIFT_OPTIMIZATION_LEVEL = "-Onone";
			};
			name = Debug;
		};
		09122BB923BCF55500647464 /* Release */ = {
			isa = XCBuildConfiguration;
			buildSettings = {
				ALWAYS_SEARCH_USER_PATHS = NO;
				CLANG_ANALYZER_NONNULL = YES;
				CLANG_ANALYZER_NUMBER_OBJECT_CONVERSION = YES_AGGRESSIVE;
				CLANG_CXX_LANGUAGE_STANDARD = "gnu++14";
				CLANG_CXX_LIBRARY = "libc++";
				CLANG_ENABLE_MODULES = YES;
				CLANG_ENABLE_OBJC_ARC = YES;
				CLANG_ENABLE_OBJC_WEAK = YES;
				CLANG_WARN_BLOCK_CAPTURE_AUTORELEASING = YES;
				CLANG_WARN_BOOL_CONVERSION = YES;
				CLANG_WARN_COMMA = YES;
				CLANG_WARN_CONSTANT_CONVERSION = YES;
				CLANG_WARN_DEPRECATED_OBJC_IMPLEMENTATIONS = YES;
				CLANG_WARN_DIRECT_OBJC_ISA_USAGE = YES_ERROR;
				CLANG_WARN_DOCUMENTATION_COMMENTS = YES;
				CLANG_WARN_EMPTY_BODY = YES;
				CLANG_WARN_ENUM_CONVERSION = YES;
				CLANG_WARN_INFINITE_RECURSION = YES;
				CLANG_WARN_INT_CONVERSION = YES;
				CLANG_WARN_NON_LITERAL_NULL_CONVERSION = YES;
				CLANG_WARN_OBJC_IMPLICIT_RETAIN_SELF = YES;
				CLANG_WARN_OBJC_LITERAL_CONVERSION = YES;
				CLANG_WARN_OBJC_ROOT_CLASS = YES_ERROR;
				CLANG_WARN_RANGE_LOOP_ANALYSIS = YES;
				CLANG_WARN_STRICT_PROTOTYPES = YES;
				CLANG_WARN_SUSPICIOUS_MOVE = YES;
				CLANG_WARN_UNGUARDED_AVAILABILITY = YES_AGGRESSIVE;
				CLANG_WARN_UNREACHABLE_CODE = YES;
				CLANG_WARN__DUPLICATE_METHOD_MATCH = YES;
				COPY_PHASE_STRIP = NO;
				DEBUG_INFORMATION_FORMAT = "dwarf-with-dsym";
				ENABLE_NS_ASSERTIONS = NO;
				ENABLE_STRICT_OBJC_MSGSEND = YES;
				GCC_C_LANGUAGE_STANDARD = gnu11;
				GCC_NO_COMMON_BLOCKS = YES;
				GCC_WARN_64_TO_32_BIT_CONVERSION = YES;
				GCC_WARN_ABOUT_RETURN_TYPE = YES_ERROR;
				GCC_WARN_UNDECLARED_SELECTOR = YES;
				GCC_WARN_UNINITIALIZED_AUTOS = YES_AGGRESSIVE;
				GCC_WARN_UNUSED_FUNCTION = YES;
				GCC_WARN_UNUSED_VARIABLE = YES;
				MACOSX_DEPLOYMENT_TARGET = 10.14;
				MTL_ENABLE_DEBUG_INFO = NO;
				MTL_FAST_MATH = YES;
				SDKROOT = macosx;
				SWIFT_COMPILATION_MODE = wholemodule;
				SWIFT_OPTIMIZATION_LEVEL = "-O";
			};
			name = Release;
		};
		09122BBB23BCF55500647464 /* Debug */ = {
			isa = XCBuildConfiguration;
			buildSettings = {
				CODE_SIGN_STYLE = Automatic;
				PRODUCT_NAME = "$(TARGET_NAME)";
				SWIFT_VERSION = 5.0;
			};
			name = Debug;
		};
		09122BBC23BCF55500647464 /* Release */ = {
			isa = XCBuildConfiguration;
			buildSettings = {
				CODE_SIGN_STYLE = Automatic;
				PRODUCT_NAME = "$(TARGET_NAME)";
				SWIFT_VERSION = 5.0;
			};
			name = Release;
		};
/* End XCBuildConfiguration section */

/* Begin XCConfigurationList section */
		09122BAE23BCF55400647464 /* Build configuration list for PBXProject "buoi2.swift" */ = {
			isa = XCConfigurationList;
			buildConfigurations = (
				09122BB823BCF55500647464 /* Debug */,
				09122BB923BCF55500647464 /* Release */,
			);
			defaultConfigurationIsVisible = 0;
			defaultConfigurationName = Release;
		};
		09122BBA23BCF55500647464 /* Build configuration list for PBXNativeTarget "buoi2.swift" */ = {
			isa = XCConfigurationList;
			buildConfigurations = (
				09122BBB23BCF55500647464 /* Debug */,
				09122BBC23BCF55500647464 /* Release */,
			);
			defaultConfigurationIsVisible = 0;
			defaultConfigurationName = Release;
		};
/* End XCConfigurationList section */
	};
	rootObject = 09122BAB23BCF55400647464 /* Project object */;
}
